
Microsoft Visual Studio Solution File, Format Version 12.00
# Visual Studio 15
VisualStudioVersion = 15.0.27130.2020
MinimumVisualStudioVersion = 10.0.40219.1
Project("{FAE04EC0-301F-11D3-BF4B-00C04F79EFBC}") = "emptyUmbraco", "emptyUmbraco\emptyUmbraco.csproj", "{89754C3C-3447-4D71-B1F6-0213B337F1D1}"
EndProject
Global
	GlobalSection(SolutionConfigurationPlatforms) = preSolution
		Debug|Any CPU = Debug|Any CPU
		Release|Any CPU = Release|Any CPU
	EndGlobalSection
	GlobalSection(ProjectConfigurationPlatforms) = postSolution
		{89754C3C-3447-4D71-B1F6-0213B337F1D1}.Debug|Any CPU.ActiveCfg = Debug|Any CPU
		{89754C3C-3447-4D71-B1F6-0213B337F1D1}.Debug|Any CPU.Build.0 = Debug|Any CPU
		{89754C3C-3447-4D71-B1F6-0213B337F1D1}.Release|Any CPU.ActiveCfg = Release|Any CPU
		{89754C3C-3447-4D71-B1F6-0213B337F1D1}.Release|Any CPU.Build.0 = Release|Any CPU
	EndGlobalSection
	GlobalSection(SolutionProperties) = preSolution
		HideSolutionNode = FALSE
	EndGlobalSection
	GlobalSection(ExtensibilityGlobals) = postSolution
		SolutionGuid = {CCAEA5E7-5B91-4C62-983E-B26B5E70AE5E}
	EndGlobalSection
EndGlobal
